
Microsoft Visual Studio Solution File, Format Version 12.00
# Visual Studio Version 17
VisualStudioVersion = 17.0.31912.275
MinimumVisualStudioVersion = 10.0.40219.1
Project("{9A19103F-16F7-4668-BE54-9A1E7A4F7556}") = "DesignPatterns", "DesignPatterns\DesignPatterns.csproj", "{57E6BC5D-667C-499B-91D9-51C8B7016A17}"
EndProject
Project("{9A19103F-16F7-4668-BE54-9A1E7A4F7556}") = "AbstractFactory", "AbstractFactory\AbstractFactory.csproj", "{95DA8E6B-A2CC-4B54-B56B-58F0407E3732}"
EndProject
Project("{9A19103F-16F7-4668-BE54-9A1E7A4F7556}") = "Adapter", "Adapter\Adapter.csproj", "{5E365F69-8D02-4618-8499-711B54226767}"
EndProject
Project("{9A19103F-16F7-4668-BE54-9A1E7A4F7556}") = "Builder", "Builder\Builder.csproj", "{7671BB9D-E75D-4ECB-AE55-719DD97561A8}"
EndProject
Project("{9A19103F-16F7-4668-BE54-9A1E7A4F7556}") = "FactoryMethod", "FactoryMethod\FactoryMethod.csproj", "{13257B26-3E4F-4D8F-86AB-48256205A960}"
EndProject
Project("{9A19103F-16F7-4668-BE54-9A1E7A4F7556}") = "Prototype", "Prototype\Prototype.csproj", "{AA3A8633-6687-449A-9B6D-985416E99633}"
EndProject
Project("{9A19103F-16F7-4668-BE54-9A1E7A4F7556}") = "Singleton", "Singleton\Singleton.csproj", "{FEEC9BAB-7DE0-4E17-9022-7B9CEA3F159D}"
EndProject
Project("{9A19103F-16F7-4668-BE54-9A1E7A4F7556}") = "Strategy", "Strategy\Strategy.csproj", "{274BCB52-6EB5-4327-83ED-8803D47D92ED}"
EndProject
Project("{9A19103F-16F7-4668-BE54-9A1E7A4F7556}") = "MediatorSimple", "MediatorSimple\MediatorSimple.csproj", "{A6A9E781-BFD1-401E-AD42-3538C0BE8B71}"
EndProject
Global
	GlobalSection(SolutionConfigurationPlatforms) = preSolution
		Debug|Any CPU = Debug|Any CPU
		Release|Any CPU = Release|Any CPU
	EndGlobalSection
	GlobalSection(ProjectConfigurationPlatforms) = postSolution
		{57E6BC5D-667C-499B-91D9-51C8B7016A17}.Debug|Any CPU.ActiveCfg = Debug|Any CPU
		{57E6BC5D-667C-499B-91D9-51C8B7016A17}.Debug|Any CPU.Build.0 = Debug|Any CPU
		{57E6BC5D-667C-499B-91D9-51C8B7016A17}.Release|Any CPU.ActiveCfg = Release|Any CPU
		{57E6BC5D-667C-499B-91D9-51C8B7016A17}.Release|Any CPU.Build.0 = Release|Any CPU
		{95DA8E6B-A2CC-4B54-B56B-58F0407E3732}.Debug|Any CPU.ActiveCfg = Debug|Any CPU
		{95DA8E6B-A2CC-4B54-B56B-58F0407E3732}.Debug|Any CPU.Build.0 = Debug|Any CPU
		{95DA8E6B-A2CC-4B54-B56B-58F0407E3732}.Release|Any CPU.ActiveCfg = Release|Any CPU
		{95DA8E6B-A2CC-4B54-B56B-58F0407E3732}.Release|Any CPU.Build.0 = Release|Any CPU
		{5E365F69-8D02-4618-8499-711B54226767}.Debug|Any CPU.ActiveCfg = Debug|Any CPU
		{5E365F69-8D02-4618-8499-711B54226767}.Debug|Any CPU.Build.0 = Debug|Any CPU
		{5E365F69-8D02-4618-8499-711B54226767}.Release|Any CPU.ActiveCfg = Release|Any CPU
		{5E365F69-8D02-4618-8499-711B54226767}.Release|Any CPU.Build.0 = Release|Any CPU
		{7671BB9D-E75D-4ECB-AE55-719DD97561A8}.Debug|Any CPU.ActiveCfg = Debug|Any CPU
		{7671BB9D-E75D-4ECB-AE55-719DD97561A8}.Debug|Any CPU.Build.0 = Debug|Any CPU
		{7671BB9D-E75D-4ECB-AE55-719DD97561A8}.Release|Any CPU.ActiveCfg = Release|Any CPU
		{7671BB9D-E75D-4ECB-AE55-719DD97561A8}.Release|Any CPU.Build.0 = Release|Any CPU
		{13257B26-3E4F-4D8F-86AB-48256205A960}.Debug|Any CPU.ActiveCfg = Debug|Any CPU
		{13257B26-3E4F-4D8F-86AB-48256205A960}.Debug|Any CPU.Build.0 = Debug|Any CPU
		{13257B26-3E4F-4D8F-86AB-48256205A960}.Release|Any CPU.ActiveCfg = Release|Any CPU
		{13257B26-3E4F-4D8F-86AB-48256205A960}.Release|Any CPU.Build.0 = Release|Any CPU
		{AA3A8633-6687-449A-9B6D-985416E99633}.Debug|Any CPU.ActiveCfg = Debug|Any CPU
		{AA3A8633-6687-449A-9B6D-985416E99633}.Debug|Any CPU.Build.0 = Debug|Any CPU
		{AA3A8633-6687-449A-9B6D-985416E99633}.Release|Any CPU.ActiveCfg = Release|Any CPU
		{AA3A8633-6687-449A-9B6D-985416E99633}.Release|Any CPU.Build.0 = Release|Any CPU
		{FEEC9BAB-7DE0-4E17-9022-7B9CEA3F159D}.Debug|Any CPU.ActiveCfg = Debug|Any CPU
		{FEEC9BAB-7DE0-4E17-9022-7B9CEA3F159D}.Debug|Any CPU.Build.0 = Debug|Any CPU
		{FEEC9BAB-7DE0-4E17-9022-7B9CEA3F159D}.Release|Any CPU.ActiveCfg = Release|Any CPU
		{FEEC9BAB-7DE0-4E17-9022-7B9CEA3F159D}.Release|Any CPU.Build.0 = Release|Any CPU
		{274BCB52-6EB5-4327-83ED-8803D47D92ED}.Debug|Any CPU.ActiveCfg = Debug|Any CPU
		{274BCB52-6EB5-4327-83ED-8803D47D92ED}.Debug|Any CPU.Build.0 = Debug|Any CPU
		{274BCB52-6EB5-4327-83ED-8803D47D92ED}.Release|Any CPU.ActiveCfg = Release|Any CPU
		{274BCB52-6EB5-4327-83ED-8803D47D92ED}.Release|Any CPU.Build.0 = Release|Any CPU
		{A6A9E781-BFD1-401E-AD42-3538C0BE8B71}.Debug|Any CPU.ActiveCfg = Debug|Any CPU
		{A6A9E781-BFD1-401E-AD42-3538C0BE8B71}.Debug|Any CPU.Build.0 = Debug|Any CPU
		{A6A9E781-BFD1-401E-AD42-3538C0BE8B71}.Release|Any CPU.ActiveCfg = Release|Any CPU
		{A6A9E781-BFD1-401E-AD42-3538C0BE8B71}.Release|Any CPU.Build.0 = Release|Any CPU
	EndGlobalSection
	GlobalSection(SolutionProperties) = preSolution
		HideSolutionNode = FALSE
	EndGlobalSection
	GlobalSection(ExtensibilityGlobals) = postSolution
		SolutionGuid = {98F9E285-46E1-40EA-9546-7B7010D1F341}
	EndGlobalSection
EndGlobal
