
Microsoft Visual Studio Solution File, Format Version 12.00
# Visual Studio Version 17
VisualStudioVersion = 17.0.31912.275
MinimumVisualStudioVersion = 10.0.40219.1
Project("{9A19103F-16F7-4668-BE54-9A1E7A4F7556}") = "DesignPatterns", "DesignPatterns.csproj", "{D94183B7-46A4-4392-A768-702DE82C7728}"
EndProject
Project("{9A19103F-16F7-4668-BE54-9A1E7A4F7556}") = "AbstractFactory", "AbstractFactory\AbstractFactory.csproj", "{DFCDA693-3E89-4F74-922F-25E1FAD63C92}"
EndProject
Project("{9A19103F-16F7-4668-BE54-9A1E7A4F7556}") = "Adapter", "Adapter\Adapter.csproj", "{5AF6E502-CC31-4ACA-9B1E-906CA196CE13}"
EndProject
Project("{9A19103F-16F7-4668-BE54-9A1E7A4F7556}") = "Builder", "Builder\Builder.csproj", "{718ACB68-A93D-43EE-8153-2DFC2859C06F}"
EndProject
Project("{9A19103F-16F7-4668-BE54-9A1E7A4F7556}") = "FactoryMethod", "FactoryMethod\FactoryMethod.csproj", "{F79CEB69-2F3A-480E-861A-D4D24DB6A309}"
EndProject
Project("{9A19103F-16F7-4668-BE54-9A1E7A4F7556}") = "Mediator", "Mediator\Mediator.csproj", "{5A4A34FC-A287-4C74-A915-B9B1F87A7C8F}"
EndProject
Project("{9A19103F-16F7-4668-BE54-9A1E7A4F7556}") = "Prototype", "Prototype\Prototype.csproj", "{2BDC03A4-9126-4031-9CC5-9054764D60B0}"
EndProject
Project("{9A19103F-16F7-4668-BE54-9A1E7A4F7556}") = "Singleton", "Singleton\Singleton.csproj", "{2B3E5EEA-94DB-435B-B528-92D596DC9672}"
EndProject
Project("{9A19103F-16F7-4668-BE54-9A1E7A4F7556}") = "Strategy", "Strategy\Strategy.csproj", "{EF88D109-F4DD-484A-8710-C6C6E8CC9DFB}"
EndProject
Global
	GlobalSection(SolutionConfigurationPlatforms) = preSolution
		Debug|Any CPU = Debug|Any CPU
		Release|Any CPU = Release|Any CPU
	EndGlobalSection
	GlobalSection(ProjectConfigurationPlatforms) = postSolution
		{D94183B7-46A4-4392-A768-702DE82C7728}.Debug|Any CPU.ActiveCfg = Debug|Any CPU
		{D94183B7-46A4-4392-A768-702DE82C7728}.Debug|Any CPU.Build.0 = Debug|Any CPU
		{D94183B7-46A4-4392-A768-702DE82C7728}.Release|Any CPU.ActiveCfg = Release|Any CPU
		{D94183B7-46A4-4392-A768-702DE82C7728}.Release|Any CPU.Build.0 = Release|Any CPU
		{DFCDA693-3E89-4F74-922F-25E1FAD63C92}.Debug|Any CPU.ActiveCfg = Debug|Any CPU
		{DFCDA693-3E89-4F74-922F-25E1FAD63C92}.Debug|Any CPU.Build.0 = Debug|Any CPU
		{DFCDA693-3E89-4F74-922F-25E1FAD63C92}.Release|Any CPU.ActiveCfg = Release|Any CPU
		{DFCDA693-3E89-4F74-922F-25E1FAD63C92}.Release|Any CPU.Build.0 = Release|Any CPU
		{5AF6E502-CC31-4ACA-9B1E-906CA196CE13}.Debug|Any CPU.ActiveCfg = Debug|Any CPU
		{5AF6E502-CC31-4ACA-9B1E-906CA196CE13}.Debug|Any CPU.Build.0 = Debug|Any CPU
		{5AF6E502-CC31-4ACA-9B1E-906CA196CE13}.Release|Any CPU.ActiveCfg = Release|Any CPU
		{5AF6E502-CC31-4ACA-9B1E-906CA196CE13}.Release|Any CPU.Build.0 = Release|Any CPU
		{718ACB68-A93D-43EE-8153-2DFC2859C06F}.Debug|Any CPU.ActiveCfg = Debug|Any CPU
		{718ACB68-A93D-43EE-8153-2DFC2859C06F}.Debug|Any CPU.Build.0 = Debug|Any CPU
		{718ACB68-A93D-43EE-8153-2DFC2859C06F}.Release|Any CPU.ActiveCfg = Release|Any CPU
		{718ACB68-A93D-43EE-8153-2DFC2859C06F}.Release|Any CPU.Build.0 = Release|Any CPU
		{F79CEB69-2F3A-480E-861A-D4D24DB6A309}.Debug|Any CPU.ActiveCfg = Debug|Any CPU
		{F79CEB69-2F3A-480E-861A-D4D24DB6A309}.Debug|Any CPU.Build.0 = Debug|Any CPU
		{F79CEB69-2F3A-480E-861A-D4D24DB6A309}.Release|Any CPU.ActiveCfg = Release|Any CPU
		{F79CEB69-2F3A-480E-861A-D4D24DB6A309}.Release|Any CPU.Build.0 = Release|Any CPU
		{5A4A34FC-A287-4C74-A915-B9B1F87A7C8F}.Debug|Any CPU.ActiveCfg = Debug|Any CPU
		{5A4A34FC-A287-4C74-A915-B9B1F87A7C8F}.Debug|Any CPU.Build.0 = Debug|Any CPU
		{5A4A34FC-A287-4C74-A915-B9B1F87A7C8F}.Release|Any CPU.ActiveCfg = Release|Any CPU
		{5A4A34FC-A287-4C74-A915-B9B1F87A7C8F}.Release|Any CPU.Build.0 = Release|Any CPU
		{2BDC03A4-9126-4031-9CC5-9054764D60B0}.Debug|Any CPU.ActiveCfg = Debug|Any CPU
		{2BDC03A4-9126-4031-9CC5-9054764D60B0}.Debug|Any CPU.Build.0 = Debug|Any CPU
		{2BDC03A4-9126-4031-9CC5-9054764D60B0}.Release|Any CPU.ActiveCfg = Release|Any CPU
		{2BDC03A4-9126-4031-9CC5-9054764D60B0}.Release|Any CPU.Build.0 = Release|Any CPU
		{2B3E5EEA-94DB-435B-B528-92D596DC9672}.Debug|Any CPU.ActiveCfg = Debug|Any CPU
		{2B3E5EEA-94DB-435B-B528-92D596DC9672}.Debug|Any CPU.Build.0 = Debug|Any CPU
		{2B3E5EEA-94DB-435B-B528-92D596DC9672}.Release|Any CPU.ActiveCfg = Release|Any CPU
		{2B3E5EEA-94DB-435B-B528-92D596DC9672}.Release|Any CPU.Build.0 = Release|Any CPU
		{EF88D109-F4DD-484A-8710-C6C6E8CC9DFB}.Debug|Any CPU.ActiveCfg = Debug|Any CPU
		{EF88D109-F4DD-484A-8710-C6C6E8CC9DFB}.Debug|Any CPU.Build.0 = Debug|Any CPU
		{EF88D109-F4DD-484A-8710-C6C6E8CC9DFB}.Release|Any CPU.ActiveCfg = Release|Any CPU
		{EF88D109-F4DD-484A-8710-C6C6E8CC9DFB}.Release|Any CPU.Build.0 = Release|Any CPU
	EndGlobalSection
	GlobalSection(SolutionProperties) = preSolution
		HideSolutionNode = FALSE
	EndGlobalSection
	GlobalSection(ExtensibilityGlobals) = postSolution
		SolutionGuid = {98F9E285-46E1-40EA-9546-7B7010D1F341}
	EndGlobalSection
EndGlobal
