
Microsoft Visual Studio Solution File, Format Version 12.00
# Visual Studio Version 16
VisualStudioVersion = 16.0.31613.86
MinimumVisualStudioVersion = 10.0.40219.1
Project("{9A19103F-16F7-4668-BE54-9A1E7A4F7556}") = "DesignPatterns", "DesignPatterns.csproj", "{D94183B7-46A4-4392-A768-702DE82C7728}"
EndProject
Project("{9A19103F-16F7-4668-BE54-9A1E7A4F7556}") = "FactoryMethod", "..\FactoryMethod\FactoryMethod.csproj", "{553489DE-4E36-4CB3-B992-6CBD2A799AF7}"
EndProject
Project("{9A19103F-16F7-4668-BE54-9A1E7A4F7556}") = "Strategy", "..\Strategy\Strategy.csproj", "{0DA6D7F9-84D9-47FF-B292-6E6669728CDC}"
EndProject
Project("{2150E333-8FDC-42A3-9474-1A3956D46DE8}") = "Creational patterns", "Creational patterns", "{AD872311-1BC6-486F-B9EF-0A0BB0959FD0}"
EndProject
Project("{2150E333-8FDC-42A3-9474-1A3956D46DE8}") = "Structural patterns", "Structural patterns", "{7AA6AAFF-5767-4B5A-9996-7D35BE0E9DDC}"
EndProject
Project("{2150E333-8FDC-42A3-9474-1A3956D46DE8}") = "Behavioral patterns", "Behavioral patterns", "{42551881-C555-4A28-919E-BE67AD0BD37D}"
EndProject
Project("{9A19103F-16F7-4668-BE54-9A1E7A4F7556}") = "Singleton", "..\Singleton\Singleton.csproj", "{FC80DBD7-42FF-4F80-ADB3-C8EAE3C56E54}"
EndProject
Project("{9A19103F-16F7-4668-BE54-9A1E7A4F7556}") = "AbstractFactory", "..\AbstractFactoryProgram\AbstractFactory.csproj", "{609EACA9-1944-4E3C-BC6F-C575CD0666B3}"
EndProject
Project("{9A19103F-16F7-4668-BE54-9A1E7A4F7556}") = "Builder", "..\Builder\Builder.csproj", "{0359D1D9-BBA9-402A-BEEA-382BC1146A19}"
EndProject
Project("{9A19103F-16F7-4668-BE54-9A1E7A4F7556}") = "Prototype", "..\Prototype\Prototype.csproj", "{AE0DECE1-76DE-4CC4-A86E-3D1E62B69467}"
EndProject
Project("{9A19103F-16F7-4668-BE54-9A1E7A4F7556}") = "Adapter", "..\Adapter\Adapter.csproj", "{AC9F36B3-CB49-4C80-AA27-2D3BEC9275F9}"
EndProject
Project("{FAE04EC0-301F-11D3-BF4B-00C04F79EFBC}") = "Mediator", "..\Mediator\Mediator.csproj", "{7E316499-2937-4232-A416-666C5B6E1291}"
EndProject
Global
	GlobalSection(SolutionConfigurationPlatforms) = preSolution
		Debug|Any CPU = Debug|Any CPU
		Release|Any CPU = Release|Any CPU
	EndGlobalSection
	GlobalSection(ProjectConfigurationPlatforms) = postSolution
		{D94183B7-46A4-4392-A768-702DE82C7728}.Debug|Any CPU.ActiveCfg = Debug|Any CPU
		{D94183B7-46A4-4392-A768-702DE82C7728}.Debug|Any CPU.Build.0 = Debug|Any CPU
		{D94183B7-46A4-4392-A768-702DE82C7728}.Release|Any CPU.ActiveCfg = Release|Any CPU
		{D94183B7-46A4-4392-A768-702DE82C7728}.Release|Any CPU.Build.0 = Release|Any CPU
		{553489DE-4E36-4CB3-B992-6CBD2A799AF7}.Debug|Any CPU.ActiveCfg = Debug|Any CPU
		{553489DE-4E36-4CB3-B992-6CBD2A799AF7}.Debug|Any CPU.Build.0 = Debug|Any CPU
		{553489DE-4E36-4CB3-B992-6CBD2A799AF7}.Release|Any CPU.ActiveCfg = Release|Any CPU
		{553489DE-4E36-4CB3-B992-6CBD2A799AF7}.Release|Any CPU.Build.0 = Release|Any CPU
		{0DA6D7F9-84D9-47FF-B292-6E6669728CDC}.Debug|Any CPU.ActiveCfg = Debug|Any CPU
		{0DA6D7F9-84D9-47FF-B292-6E6669728CDC}.Debug|Any CPU.Build.0 = Debug|Any CPU
		{0DA6D7F9-84D9-47FF-B292-6E6669728CDC}.Release|Any CPU.ActiveCfg = Release|Any CPU
		{0DA6D7F9-84D9-47FF-B292-6E6669728CDC}.Release|Any CPU.Build.0 = Release|Any CPU
		{FC80DBD7-42FF-4F80-ADB3-C8EAE3C56E54}.Debug|Any CPU.ActiveCfg = Debug|Any CPU
		{FC80DBD7-42FF-4F80-ADB3-C8EAE3C56E54}.Debug|Any CPU.Build.0 = Debug|Any CPU
		{FC80DBD7-42FF-4F80-ADB3-C8EAE3C56E54}.Release|Any CPU.ActiveCfg = Release|Any CPU
		{FC80DBD7-42FF-4F80-ADB3-C8EAE3C56E54}.Release|Any CPU.Build.0 = Release|Any CPU
		{609EACA9-1944-4E3C-BC6F-C575CD0666B3}.Debug|Any CPU.ActiveCfg = Debug|Any CPU
		{609EACA9-1944-4E3C-BC6F-C575CD0666B3}.Debug|Any CPU.Build.0 = Debug|Any CPU
		{609EACA9-1944-4E3C-BC6F-C575CD0666B3}.Release|Any CPU.ActiveCfg = Release|Any CPU
		{609EACA9-1944-4E3C-BC6F-C575CD0666B3}.Release|Any CPU.Build.0 = Release|Any CPU
		{0359D1D9-BBA9-402A-BEEA-382BC1146A19}.Debug|Any CPU.ActiveCfg = Debug|Any CPU
		{0359D1D9-BBA9-402A-BEEA-382BC1146A19}.Debug|Any CPU.Build.0 = Debug|Any CPU
		{0359D1D9-BBA9-402A-BEEA-382BC1146A19}.Release|Any CPU.ActiveCfg = Release|Any CPU
		{0359D1D9-BBA9-402A-BEEA-382BC1146A19}.Release|Any CPU.Build.0 = Release|Any CPU
		{AE0DECE1-76DE-4CC4-A86E-3D1E62B69467}.Debug|Any CPU.ActiveCfg = Debug|Any CPU
		{AE0DECE1-76DE-4CC4-A86E-3D1E62B69467}.Debug|Any CPU.Build.0 = Debug|Any CPU
		{AE0DECE1-76DE-4CC4-A86E-3D1E62B69467}.Release|Any CPU.ActiveCfg = Release|Any CPU
		{AE0DECE1-76DE-4CC4-A86E-3D1E62B69467}.Release|Any CPU.Build.0 = Release|Any CPU
		{AC9F36B3-CB49-4C80-AA27-2D3BEC9275F9}.Debug|Any CPU.ActiveCfg = Debug|Any CPU
		{AC9F36B3-CB49-4C80-AA27-2D3BEC9275F9}.Debug|Any CPU.Build.0 = Debug|Any CPU
		{AC9F36B3-CB49-4C80-AA27-2D3BEC9275F9}.Release|Any CPU.ActiveCfg = Release|Any CPU
		{AC9F36B3-CB49-4C80-AA27-2D3BEC9275F9}.Release|Any CPU.Build.0 = Release|Any CPU
		{7E316499-2937-4232-A416-666C5B6E1291}.Debug|Any CPU.ActiveCfg = Debug|Any CPU
		{7E316499-2937-4232-A416-666C5B6E1291}.Debug|Any CPU.Build.0 = Debug|Any CPU
		{7E316499-2937-4232-A416-666C5B6E1291}.Release|Any CPU.ActiveCfg = Release|Any CPU
		{7E316499-2937-4232-A416-666C5B6E1291}.Release|Any CPU.Build.0 = Release|Any CPU
	EndGlobalSection
	GlobalSection(SolutionProperties) = preSolution
		HideSolutionNode = FALSE
	EndGlobalSection
	GlobalSection(NestedProjects) = preSolution
		{553489DE-4E36-4CB3-B992-6CBD2A799AF7} = {AD872311-1BC6-486F-B9EF-0A0BB0959FD0}
		{0DA6D7F9-84D9-47FF-B292-6E6669728CDC} = {42551881-C555-4A28-919E-BE67AD0BD37D}
		{FC80DBD7-42FF-4F80-ADB3-C8EAE3C56E54} = {AD872311-1BC6-486F-B9EF-0A0BB0959FD0}
		{609EACA9-1944-4E3C-BC6F-C575CD0666B3} = {AD872311-1BC6-486F-B9EF-0A0BB0959FD0}
		{0359D1D9-BBA9-402A-BEEA-382BC1146A19} = {AD872311-1BC6-486F-B9EF-0A0BB0959FD0}
		{AE0DECE1-76DE-4CC4-A86E-3D1E62B69467} = {AD872311-1BC6-486F-B9EF-0A0BB0959FD0}
		{AC9F36B3-CB49-4C80-AA27-2D3BEC9275F9} = {7AA6AAFF-5767-4B5A-9996-7D35BE0E9DDC}
		{7E316499-2937-4232-A416-666C5B6E1291} = {42551881-C555-4A28-919E-BE67AD0BD37D}
	EndGlobalSection
	GlobalSection(ExtensibilityGlobals) = postSolution
		SolutionGuid = {98F9E285-46E1-40EA-9546-7B7010D1F341}
	EndGlobalSection
EndGlobal
